
Microsoft Visual Studio Solution File, Format Version 12.00
# Visual Studio Version 16
VisualStudioVersion = 16.0.30804.86
MinimumVisualStudioVersion = 10.0.40219.1
Project("{FAE04EC0-301F-11D3-BF4B-00C04F79EFBC}") = "assignment2A-sayiTahminOyunu", "assignment2A-sayiTahminOyunu\assignment2A-sayiTahminOyunu.csproj", "{92014D23-EF93-42AB-B4EF-E5955DC3FC3B}"
EndProject
Global
	GlobalSection(SolutionConfigurationPlatforms) = preSolution
		Debug|Any CPU = Debug|Any CPU
		Release|Any CPU = Release|Any CPU
	EndGlobalSection
	GlobalSection(ProjectConfigurationPlatforms) = postSolution
		{92014D23-EF93-42AB-B4EF-E5955DC3FC3B}.Debug|Any CPU.ActiveCfg = Debug|Any CPU
		{92014D23-EF93-42AB-B4EF-E5955DC3FC3B}.Debug|Any CPU.Build.0 = Debug|Any CPU
		{92014D23-EF93-42AB-B4EF-E5955DC3FC3B}.Release|Any CPU.ActiveCfg = Release|Any CPU
		{92014D23-EF93-42AB-B4EF-E5955DC3FC3B}.Release|Any CPU.Build.0 = Release|Any CPU
	EndGlobalSection
	GlobalSection(SolutionProperties) = preSolution
		HideSolutionNode = FALSE
	EndGlobalSection
	GlobalSection(ExtensibilityGlobals) = postSolution
		SolutionGuid = {F0A1D8C2-5092-41C0-9459-BAE7417E7825}
	EndGlobalSection
EndGlobal
